// !$*UTF8*$!
{
	archiveVersion = 1;
	classes = {
	};
	objectVersion = 46;
	objects = {

/* Begin PBXBuildFile section */
		FE86E3E515F7795A00DC46D2 /* UIKit.framework in Frameworks */ = {isa = PBXBuildFile; fileRef = FE86E3E415F7795A00DC46D2 /* UIKit.framework */; };
		FE86E3E715F7795A00DC46D2 /* Foundation.framework in Frameworks */ = {isa = PBXBuildFile; fileRef = FE86E3E615F7795A00DC46D2 /* Foundation.framework */; };
		FE86E3E915F7795A00DC46D2 /* CoreGraphics.framework in Frameworks */ = {isa = PBXBuildFile; fileRef = FE86E3E815F7795A00DC46D2 /* CoreGraphics.framework */; };
		FE86E3EF15F7795B00DC46D2 /* InfoPlist.strings in Resources */ = {isa = PBXBuildFile; fileRef = FE86E3ED15F7795B00DC46D2 /* InfoPlist.strings */; };
		FE86E3F115F7795B00DC46D2 /* main.m in Sources */ = {isa = PBXBuildFile; fileRef = FE86E3F015F7795B00DC46D2 /* main.m */; };
		FE86E3F515F7795B00DC46D2 /* C1AppDelegate.m in Sources */ = {isa = PBXBuildFile; fileRef = FE86E3F415F7795B00DC46D2 /* C1AppDelegate.m */; };
		FE86E3F815F7795B00DC46D2 /* MainStoryboard.storyboard in Resources */ = {isa = PBXBuildFile; fileRef = FE86E3F615F7795B00DC46D2 /* MainStoryboard.storyboard */; };
		FE86E3FB15F7795B00DC46D2 /* C1ViewController.m in Sources */ = {isa = PBXBuildFile; fileRef = FE86E3FA15F7795B00DC46D2 /* C1ViewController.m */; };
/* End PBXBuildFile section */

/* Begin PBXFileReference section */
		FE86E3E015F7795A00DC46D2 /* scrollertoolbartest.app */ = {isa = PBXFileReference; explicitFileType = wrapper.application; includeInIndex = 0; path = scrollertoolbartest.app; sourceTree = BUILT_PRODUCTS_DIR; };
		FE86E3E415F7795A00DC46D2 /* UIKit.framework */ = {isa = PBXFileReference; lastKnownFileType = wrapper.framework; name = UIKit.framework; path = System/Library/Frameworks/UIKit.framework; sourceTree = SDKROOT; };
		FE86E3E615F7795A00DC46D2 /* Foundation.framework */ = {isa = PBXFileReference; lastKnownFileType = wrapper.framework; name = Foundation.framework; path = System/Library/Frameworks/Foundation.framework; sourceTree = SDKROOT; };
		FE86E3E815F7795A00DC46D2 /* CoreGraphics.framework */ = {isa = PBXFileReference; lastKnownFileType = wrapper.framework; name = CoreGraphics.framework; path = System/Library/Frameworks/CoreGraphics.framework; sourceTree = SDKROOT; };
		FE86E3EC15F7795A00DC46D2 /* scrollertoolbartest-Info.plist */ = {isa = PBXFileReference; lastKnownFileType = text.plist.xml; path = "scrollertoolbartest-Info.plist"; sourceTree = "<group>"; };
		FE86E3EE15F7795B00DC46D2 /* en */ = {isa = PBXFileReference; lastKnownFileType = text.plist.strings; name = en; path = en.lproj/InfoPlist.strings; sourceTree = "<group>"; };
		FE86E3F015F7795B00DC46D2 /* main.m */ = {isa = PBXFileReference; lastKnownFileType = sourcecode.c.objc; path = main.m; sourceTree = "<group>"; };
		FE86E3F215F7795B00DC46D2 /* scrollertoolbartest-Prefix.pch */ = {isa = PBXFileReference; lastKnownFileType = sourcecode.c.h; path = "scrollertoolbartest-Prefix.pch"; sourceTree = "<group>"; };
		FE86E3F315F7795B00DC46D2 /* C1AppDelegate.h */ = {isa = PBXFileReference; lastKnownFileType = sourcecode.c.h; path = C1AppDelegate.h; sourceTree = "<group>"; };
		FE86E3F415F7795B00DC46D2 /* C1AppDelegate.m */ = {isa = PBXFileReference; lastKnownFileType = sourcecode.c.objc; path = C1AppDelegate.m; sourceTree = "<group>"; };
		FE86E3F715F7795B00DC46D2 /* en */ = {isa = PBXFileReference; lastKnownFileType = file.storyboard; name = en; path = en.lproj/MainStoryboard.storyboard; sourceTree = "<group>"; };
		FE86E3F915F7795B00DC46D2 /* C1ViewController.h */ = {isa = PBXFileReference; lastKnownFileType = sourcecode.c.h; path = C1ViewController.h; sourceTree = "<group>"; };
		FE86E3FA15F7795B00DC46D2 /* C1ViewController.m */ = {isa = PBXFileReference; lastKnownFileType = sourcecode.c.objc; path = C1ViewController.m; sourceTree = "<group>"; };
/* End PBXFileReference section */

/* Begin PBXFrameworksBuildPhase section */
		FE86E3DD15F7795A00DC46D2 /* Frameworks */ = {
			isa = PBXFrameworksBuildPhase;
			buildActionMask = 2147483647;
			files = (
				FE86E3E515F7795A00DC46D2 /* UIKit.framework in Frameworks */,
				FE86E3E715F7795A00DC46D2 /* Foundation.framework in Frameworks */,
				FE86E3E915F7795A00DC46D2 /* CoreGraphics.framework in Frameworks */,
			);
			runOnlyForDeploymentPostprocessing = 0;
		};
/* End PBXFrameworksBuildPhase section */

/* Begin PBXGroup section */
		FE86E3D515F7795A00DC46D2 = {
			isa = PBXGroup;
			children = (
				FE86E3EA15F7795A00DC46D2 /* scrollertoolbartest */,
				FE86E3E315F7795A00DC46D2 /* Frameworks */,
				FE86E3E115F7795A00DC46D2 /* Products */,
			);
			sourceTree = "<group>";
		};
		FE86E3E115F7795A00DC46D2 /* Products */ = {
			isa = PBXGroup;
			children = (
				FE86E3E015F7795A00DC46D2 /* scrollertoolbartest.app */,
			);
			name = Products;
			sourceTree = "<group>";
		};
		FE86E3E315F7795A00DC46D2 /* Frameworks */ = {
			isa = PBXGroup;
			children = (
				FE86E3E415F7795A00DC46D2 /* UIKit.framework */,
				FE86E3E615F7795A00DC46D2 /* Foundation.framework */,
				FE86E3E815F7795A00DC46D2 /* CoreGraphics.framework */,
			);
			name = Frameworks;
			sourceTree = "<group>";
		};
		FE86E3EA15F7795A00DC46D2 /* scrollertoolbartest */ = {
			isa = PBXGroup;
			children = (
				FE86E3F315F7795B00DC46D2 /* C1AppDelegate.h */,
				FE86E3F415F7795B00DC46D2 /* C1AppDelegate.m */,
				FE86E3F615F7795B00DC46D2 /* MainStoryboard.storyboard */,
				FE86E3F915F7795B00DC46D2 /* C1ViewController.h */,
				FE86E3FA15F7795B00DC46D2 /* C1ViewController.m */,
				FE86E3EB15F7795A00DC46D2 /* Supporting Files */,
			);
			path = scrollertoolbartest;
			sourceTree = "<group>";
		};
		FE86E3EB15F7795A00DC46D2 /* Supporting Files */ = {
			isa = PBXGroup;
			children = (
				FE86E3EC15F7795A00DC46D2 /* scrollertoolbartest-Info.plist */,
				FE86E3ED15F7795B00DC46D2 /* InfoPlist.strings */,
				FE86E3F015F7795B00DC46D2 /* main.m */,
				FE86E3F215F7795B00DC46D2 /* scrollertoolbartest-Prefix.pch */,
			);
			name = "Supporting Files";
			sourceTree = "<group>";
		};
/* End PBXGroup section */

/* Begin PBXNativeTarget section */
		FE86E3DF15F7795A00DC46D2 /* scrollertoolbartest */ = {
			isa = PBXNativeTarget;
			buildConfigurationList = FE86E3FE15F7795B00DC46D2 /* Build configuration list for PBXNativeTarget "scrollertoolbartest" */;
			buildPhases = (
				FE86E3DC15F7795A00DC46D2 /* Sources */,
				FE86E3DD15F7795A00DC46D2 /* Frameworks */,
				FE86E3DE15F7795A00DC46D2 /* Resources */,
			);
			buildRules = (
			);
			dependencies = (
			);
			name = scrollertoolbartest;
			productName = scrollertoolbartest;
			productReference = FE86E3E015F7795A00DC46D2 /* scrollertoolbartest.app */;
			productType = "com.apple.product-type.application";
		};
/* End PBXNativeTarget section */

/* Begin PBXProject section */
		FE86E3D715F7795A00DC46D2 /* Project object */ = {
			isa = PBXProject;
			attributes = {
				CLASSPREFIX = C1;
				LastUpgradeCheck = 0430;
			};
			buildConfigurationList = FE86E3DA15F7795A00DC46D2 /* Build configuration list for PBXProject "scrollertoolbartest" */;
			compatibilityVersion = "Xcode 3.2";
			developmentRegion = English;
			hasScannedForEncodings = 0;
			knownRegions = (
				en,
			);
			mainGroup = FE86E3D515F7795A00DC46D2;
			productRefGroup = FE86E3E115F7795A00DC46D2 /* Products */;
			projectDirPath = "";
			projectRoot = "";
			targets = (
				FE86E3DF15F7795A00DC46D2 /* scrollertoolbartest */,
			);
		};
/* End PBXProject section */

/* Begin PBXResourcesBuildPhase section */
		FE86E3DE15F7795A00DC46D2 /* Resources */ = {
			isa = PBXResourcesBuildPhase;
			buildActionMask = 2147483647;
			files = (
				FE86E3EF15F7795B00DC46D2 /* InfoPlist.strings in Resources */,
				FE86E3F815F7795B00DC46D2 /* MainStoryboard.storyboard in Resources */,
			);
			runOnlyForDeploymentPostprocessing = 0;
		};
/* End PBXResourcesBuildPhase section */

/* Begin PBXSourcesBuildPhase section */
		FE86E3DC15F7795A00DC46D2 /* Sources */ = {
			isa = PBXSourcesBuildPhase;
			buildActionMask = 2147483647;
			files = (
				FE86E3F115F7795B00DC46D2 /* main.m in Sources */,
				FE86E3F515F7795B00DC46D2 /* C1AppDelegate.m in Sources */,
				FE86E3FB15F7795B00DC46D2 /* C1ViewController.m in Sources */,
			);
			runOnlyForDeploymentPostprocessing = 0;
		};
/* End PBXSourcesBuildPhase section */

/* Begin PBXVariantGroup section */
		FE86E3ED15F7795B00DC46D2 /* InfoPlist.strings */ = {
			isa = PBXVariantGroup;
			children = (
				FE86E3EE15F7795B00DC46D2 /* en */,
			);
			name = InfoPlist.strings;
			sourceTree = "<group>";
		};
		FE86E3F615F7795B00DC46D2 /* MainStoryboard.storyboard */ = {
			isa = PBXVariantGroup;
			children = (
				FE86E3F715F7795B00DC46D2 /* en */,
			);
			name = MainStoryboard.storyboard;
			sourceTree = "<group>";
		};
/* End PBXVariantGroup section */

/* Begin XCBuildConfiguration section */
		FE86E3FC15F7795B00DC46D2 /* Debug */ = {
			isa = XCBuildConfiguration;
			buildSettings = {
				ALWAYS_SEARCH_USER_PATHS = NO;
				ARCHS = "$(ARCHS_STANDARD_32_BIT)";
				CLANG_ENABLE_OBJC_ARC = YES;
				"CODE_SIGN_IDENTITY[sdk=iphoneos*]" = "iPhone Developer";
				COPY_PHASE_STRIP = NO;
				GCC_C_LANGUAGE_STANDARD = gnu99;
				GCC_DYNAMIC_NO_PIC = NO;
				GCC_OPTIMIZATION_LEVEL = 0;
				GCC_PREPROCESSOR_DEFINITIONS = (
					"DEBUG=1",
					"$(inherited)",
				);
				GCC_SYMBOLS_PRIVATE_EXTERN = NO;
				GCC_VERSION = com.apple.compilers.llvm.clang.1_0;
				GCC_WARN_ABOUT_RETURN_TYPE = YES;
				GCC_WARN_UNINITIALIZED_AUTOS = YES;
				GCC_WARN_UNUSED_VARIABLE = YES;
				IPHONEOS_DEPLOYMENT_TARGET = 5.1;
				SDKROOT = iphoneos;
			};
			name = Debug;
		};
		FE86E3FD15F7795B00DC46D2 /* Release */ = {
			isa = XCBuildConfiguration;
			buildSettings = {
				ALWAYS_SEARCH_USER_PATHS = NO;
				ARCHS = "$(ARCHS_STANDARD_32_BIT)";
				CLANG_ENABLE_OBJC_ARC = YES;
				"CODE_SIGN_IDENTITY[sdk=iphoneos*]" = "iPhone Developer";
				COPY_PHASE_STRIP = YES;
				GCC_C_LANGUAGE_STANDARD = gnu99;
				GCC_VERSION = com.apple.compilers.llvm.clang.1_0;
				GCC_WARN_ABOUT_RETURN_TYPE = YES;
				GCC_WARN_UNINITIALIZED_AUTOS = YES;
				GCC_WARN_UNUSED_VARIABLE = YES;
				IPHONEOS_DEPLOYMENT_TARGET = 5.1;
				OTHER_CFLAGS = "-DNS_BLOCK_ASSERTIONS=1";
				SDKROOT = iphoneos;
				VALIDATE_PRODUCT = YES;
			};
			name = Release;
		};
		FE86E3FF15F7795B00DC46D2 /* Debug */ = {
			isa = XCBuildConfiguration;
			buildSettings = {
				GCC_PRECOMPILE_PREFIX_HEADER = YES;
				GCC_PREFIX_HEADER = "scrollertoolbartest/scrollertoolbartest-Prefix.pch";
				INFOPLIST_FILE = "scrollertoolbartest/scrollertoolbartest-Info.plist";
				PRODUCT_NAME = "$(TARGET_NAME)";
				WRAPPER_EXTENSION = app;
			};
			name = Debug;
		};
		FE86E40015F7795B00DC46D2 /* Release */ = {
			isa = XCBuildConfiguration;
			buildSettings = {
				GCC_PRECOMPILE_PREFIX_HEADER = YES;
				GCC_PREFIX_HEADER = "scrollertoolbartest/scrollertoolbartest-Prefix.pch";
				INFOPLIST_FILE = "scrollertoolbartest/scrollertoolbartest-Info.plist";
				PRODUCT_NAME = "$(TARGET_NAME)";
				WRAPPER_EXTENSION = app;
			};
			name = Release;
		};
/* End XCBuildConfiguration section */

/* Begin XCConfigurationList section */
		FE86E3DA15F7795A00DC46D2 /* Build configuration list for PBXProject "scrollertoolbartest" */ = {
			isa = XCConfigurationList;
			buildConfigurations = (
				FE86E3FC15F7795B00DC46D2 /* Debug */,
				FE86E3FD15F7795B00DC46D2 /* Release */,
			);
			defaultConfigurationIsVisible = 0;
			defaultConfigurationName = Release;
		};
		FE86E3FE15F7795B00DC46D2 /* Build configuration list for PBXNativeTarget "scrollertoolbartest" */ = {
			isa = XCConfigurationList;
			buildConfigurations = (
				FE86E3FF15F7795B00DC46D2 /* Debug */,
				FE86E40015F7795B00DC46D2 /* Release */,
			);
			defaultConfigurationIsVisible = 0;
		};
/* End XCConfigurationList section */
	};
	rootObject = FE86E3D715F7795A00DC46D2 /* Project object */;
}
